# @generated by Move, please check-in and do not edit manually.

[move]
version = 3
manifest_digest = "6126E4C731E482EBAD20286C2924D9E5DFAF6B20744E2E67F29276D7C00435C9"
deps_digest = "060AD7E57DFB13104F21BE5F5C3759D03F0553FC3229247D9A7A6B45F50D03A3"
dependencies = [
  { id = "Iota", name = "Iota" },
  { id = "IotaSystem", name = "IotaSystem" },
  { id = "MoveStdlib", name = "MoveStdlib" },
]

[[move.package]]
id = "Iota"
source = { local = "../../../iota/crates/iota-framework/packages/iota-framework" }

dependencies = [
  { id = "MoveStdlib", name = "MoveStdlib" },
]

[[move.package]]
id = "IotaSystem"
source = { local = "../../../iota/crates/iota-framework/packages/iota-system" }

dependencies = [
  { id = "Iota", name = "Iota" },
  { id = "MoveStdlib", name = "MoveStdlib" },
]

[[move.package]]
id = "MoveStdlib"
source = { local = "../../../iota/crates/iota-framework/packages/move-stdlib" }

[move.toolchain-version]
compiler-version = "1.18.1-rc"
edition = "2024"
flavor = "iota"

[env]

[env.devnet]
chain-id = "daf90477"
original-published-id = "0x2f94f5ebe0c25371670d17fc0d2763117e60372538ae52c83729a094c8b6e4e3"
latest-published-id = "0x2f94f5ebe0c25371670d17fc0d2763117e60372538ae52c83729a094c8b6e4e3"
published-version = "1"

[env.mainnet]
chain-id = "6364aad5"
original-published-id = "0x33bb7e4d03df9224a5c1d5fcd7260f2940de81f6a8f40fcd9e2b7917fb15abd5"
latest-published-id = "0x2a3e503684f057984dbe3f1d29731dfa03844c012fefc692770b2a2438f14dcd"
published-version = "3"
